github.com/FrameworkOSS/event v0.0.0-20260130025636-4bd18cbcf4e7 h1:6HKXxHFU31kLZkSyGRpqYV7c4OrjrqEClTNJgWdnNYk=
github.com/FrameworkOSS/event v0.0.0-20260130025636-4bd18cbcf4e7/go.mod h1:LmifcrjeAH0NW97P7w3BJCxEafbMA6ppANpcWJFQC5w=
github.com/FrameworkOSS/feature v0.0.0-20260130024906-7a5b594a1852 h1:vFZh31jbjEzaQG67cFP/DlkPfr5XAv0ODi9jXBprJX8=
github.com/FrameworkOSS/feature v0.0.0-20260130024906-7a5b594a1852/go.mod h1:tdASgiCgYof0ifucqM9HNXWZM6jGeBPkjn5F01ObziE=
github.com/FrameworkOSS/feature_wires v0.0.0-20260130024520-038048c88f6d h1:ZmQb2lbaAp9gc8XtwT3NctoWq8mRssEthLn63uTw8tI=
github.com/FrameworkOSS/feature_wires v0.0.0-20260130024520-038048c88f6d/go.mod h1:Y12HTdYkOZpI669AJlfk7XzEQRmjJdM4dH/AkB/xZGI=
github.com/FrameworkOSS/portal v0.0.0-20260130024933-862bbe3a3b0f h1:ac1ju+6l5Vef8jX7+T1ZMO/pX2L0A957GGKoQH0LUAk=
github.com/FrameworkOSS/portal v0.0.0-20260130024933-862bbe3a3b0f/go.mod h1:BIOE3bmRzSYa9Drg5sEkNcouvZBkstU3zlNx98NW9kY=
github.com/JoshuaDoes/crunchio v0.0.4 h1:gHMvTT0rHCITPjhfxZ0huykyAUBnP94xzExyhnHcBCM=
github.com/JoshuaDoes/crunchio v0.0.4/go.mod h1:Zk8lv1MlNNb5WpMcNSr8uBgleoE5G3PpXi6MD3JImOA=
github.com/google/go-cmp v0.5.6 h1:BKbKCqvP6I+rmFHt06ZmyQtvB8xAkWdhFyr0ZUNZcxQ=
github.com/google/go-cmp v0.5.6/go.mod h1:v8dTdLbMG2kIc/vJvl+f65V22dbkXbowE6jgT/gNBxE=
github.com/superwhiskers/crunch/v3 v3.5.7 h1:N9RLxaR65C36i26BUIpzPXGy2f6pQ7wisu2bawbKNqg=
github.com/superwhiskers/crunch/v3 v3.5.7/go.mod h1:4ub2EKgF1MAhTjoOCTU4b9uLMsAweHEa89aRrfAypXA=
